
Microsoft Visual Studio Solution File, Format Version 12.00
# Visual Studio 15
VisualStudioVersion = 15.0.28307.572
MinimumVisualStudioVersion = 10.0.40219.1
Project("{FAE04EC0-301F-11D3-BF4B-00C04F79EFBC}") = "knightTour", "knightTour\knightTour.csproj", "{AA5FBC15-890B-43D2-ABC3-C8BB178FD540}"
EndProject
Global
	GlobalSection(SolutionConfigurationPlatforms) = preSolution
		Debug|Any CPU = Debug|Any CPU
		Release|Any CPU = Release|Any CPU
	EndGlobalSection
	GlobalSection(ProjectConfigurationPlatforms) = postSolution
		{AA5FBC15-890B-43D2-ABC3-C8BB178FD540}.Debug|Any CPU.ActiveCfg = Debug|Any CPU
		{AA5FBC15-890B-43D2-ABC3-C8BB178FD540}.Debug|Any CPU.Build.0 = Debug|Any CPU
		{AA5FBC15-890B-43D2-ABC3-C8BB178FD540}.Release|Any CPU.ActiveCfg = Release|Any CPU
		{AA5FBC15-890B-43D2-ABC3-C8BB178FD540}.Release|Any CPU.Build.0 = Release|Any CPU
	EndGlobalSection
	GlobalSection(SolutionProperties) = preSolution
		HideSolutionNode = FALSE
	EndGlobalSection
	GlobalSection(ExtensibilityGlobals) = postSolution
		SolutionGuid = {6DC3E356-F7AB-4278-BA66-DE2D7DE231D1}
	EndGlobalSection
EndGlobal
